
Microsoft Visual Studio Solution File, Format Version 12.00
# Visual Studio 2012
Project("{FAE04EC0-301F-11D3-BF4B-00C04F79EFBC}") = "WindowsFormsApplication1", "WindowsFormsApplication1\WindowsFormsApplication1.csproj", "{384E934C-DB1C-4201-809D-151751895E10}"
EndProject
Global
	GlobalSection(SolutionConfigurationPlatforms) = preSolution
		Debug|Any CPU = Debug|Any CPU
		Release|Any CPU = Release|Any CPU
	EndGlobalSection
	GlobalSection(ProjectConfigurationPlatforms) = postSolution
		{384E934C-DB1C-4201-809D-151751895E10}.Debug|Any CPU.ActiveCfg = Debug|Any CPU
		{384E934C-DB1C-4201-809D-151751895E10}.Debug|Any CPU.Build.0 = Debug|Any CPU
		{384E934C-DB1C-4201-809D-151751895E10}.Release|Any CPU.ActiveCfg = Release|Any CPU
		{384E934C-DB1C-4201-809D-151751895E10}.Release|Any CPU.Build.0 = Release|Any CPU
	EndGlobalSection
	GlobalSection(SolutionProperties) = preSolution
		HideSolutionNode = FALSE
	EndGlobalSection
EndGlobal
